
Microsoft Visual Studio Solution File, Format Version 12.00
# Visual Studio Version 17
VisualStudioVersion = 17.3.32825.248
MinimumVisualStudioVersion = 10.0.40219.1
Project("{FAE04EC0-301F-11D3-BF4B-00C04F79EFBC}") = "PixelFonts", "PixelFonts\PixelFonts.csproj", "{CADB5825-C7B2-4C08-8764-4B7300D5296F}"
EndProject
Global
	GlobalSection(SolutionConfigurationPlatforms) = preSolution
		Debug|Any CPU = Debug|Any CPU
		Release|Any CPU = Release|Any CPU
	EndGlobalSection
	GlobalSection(ProjectConfigurationPlatforms) = postSolution
		{CADB5825-C7B2-4C08-8764-4B7300D5296F}.Debug|Any CPU.ActiveCfg = Debug|Any CPU
		{CADB5825-C7B2-4C08-8764-4B7300D5296F}.Debug|Any CPU.Build.0 = Debug|Any CPU
		{CADB5825-C7B2-4C08-8764-4B7300D5296F}.Release|Any CPU.ActiveCfg = Release|Any CPU
		{CADB5825-C7B2-4C08-8764-4B7300D5296F}.Release|Any CPU.Build.0 = Release|Any CPU
	EndGlobalSection
	GlobalSection(SolutionProperties) = preSolution
		HideSolutionNode = FALSE
	EndGlobalSection
	GlobalSection(ExtensibilityGlobals) = postSolution
		SolutionGuid = {6528148B-9C2C-4A40-9194-FB1BC2FF7D5C}
	EndGlobalSection
EndGlobal
